// !$*UTF8*$!
{
	archiveVersion = 1;
	classes = {
	};
	objectVersion = 51;
	objects = {

/* Begin PBXBuildFile section */
		BE5F67F3377A914BA68E9052 /* Pods_WeddingMemories.framework in Frameworks */ = {isa = PBXBuildFile; fileRef = AD806FCDC1F57F097E5D2AF1 /* Pods_WeddingMemories.framework */; };
		D87FB7BC24576A5400C6911E /* PreviewCollectionViewCell.swift in Sources */ = {isa = PBXBuildFile; fileRef = D87FB7BB24576A5400C6911E /* PreviewCollectionViewCell.swift */; };
		D8CB0B1C2323CF1100C45FC9 /* AppDelegate.swift in Sources */ = {isa = PBXBuildFile; fileRef = D8CB0B1B2323CF1100C45FC9 /* AppDelegate.swift */; };
		D8CB0B1E2323CF1100C45FC9 /* ViewController.swift in Sources */ = {isa = PBXBuildFile; fileRef = D8CB0B1D2323CF1100C45FC9 /* ViewController.swift */; };
		D8CB0B232323CF1600C45FC9 /* Assets.xcassets in Resources */ = {isa = PBXBuildFile; fileRef = D8CB0B222323CF1600C45FC9 /* Assets.xcassets */; };
		D8CB0B262323CF1600C45FC9 /* LaunchScreen.storyboard in Resources */ = {isa = PBXBuildFile; fileRef = D8CB0B242323CF1600C45FC9 /* LaunchScreen.storyboard */; };
		D8CB0B2E2323D10F00C45FC9 /* GoogleService-Info.plist in Resources */ = {isa = PBXBuildFile; fileRef = D8CB0B2D2323D10F00C45FC9 /* GoogleService-Info.plist */; };
		D8CB0B302323D19500C45FC9 /* WMShared.swift in Sources */ = {isa = PBXBuildFile; fileRef = D8CB0B2F2323D19400C45FC9 /* WMShared.swift */; };
		D8CB0B322323D21700C45FC9 /* CameraViewController.swift in Sources */ = {isa = PBXBuildFile; fileRef = D8CB0B312323D21700C45FC9 /* CameraViewController.swift */; };
		D8CB0B342323D2BC00C45FC9 /* PreviewViewController.swift in Sources */ = {isa = PBXBuildFile; fileRef = D8CB0B332323D2BC00C45FC9 /* PreviewViewController.swift */; };
		D8CB0B362323D58C00C45FC9 /* CustomAlertView.swift in Sources */ = {isa = PBXBuildFile; fileRef = D8CB0B352323D58B00C45FC9 /* CustomAlertView.swift */; };
		D8CB0B382323D94500C45FC9 /* Main.storyboard in Resources */ = {isa = PBXBuildFile; fileRef = D8CB0B372323D94400C45FC9 /* Main.storyboard */; };
		D8CB0B3A2323DA6000C45FC9 /* ScreenSaverViewController.swift in Sources */ = {isa = PBXBuildFile; fileRef = D8CB0B392323DA6000C45FC9 /* ScreenSaverViewController.swift */; };
/* End PBXBuildFile section */

/* Begin PBXFileReference section */
		514C02C92BBDC20CEC1B2F14 /* Pods-WeddingMemories.release.xcconfig */ = {isa = PBXFileReference; includeInIndex = 1; lastKnownFileType = text.xcconfig; name = "Pods-WeddingMemories.release.xcconfig"; path = "Target Support Files/Pods-WeddingMemories/Pods-WeddingMemories.release.xcconfig"; sourceTree = "<group>"; };
		A155886AD40FACC9C3D56569 /* Pods-WeddingMemories.debug.xcconfig */ = {isa = PBXFileReference; includeInIndex = 1; lastKnownFileType = text.xcconfig; name = "Pods-WeddingMemories.debug.xcconfig"; path = "Target Support Files/Pods-WeddingMemories/Pods-WeddingMemories.debug.xcconfig"; sourceTree = "<group>"; };
		AD806FCDC1F57F097E5D2AF1 /* Pods_WeddingMemories.framework */ = {isa = PBXFileReference; explicitFileType = wrapper.framework; includeInIndex = 0; path = Pods_WeddingMemories.framework; sourceTree = BUILT_PRODUCTS_DIR; };
		D87FB7BB24576A5400C6911E /* PreviewCollectionViewCell.swift */ = {isa = PBXFileReference; lastKnownFileType = sourcecode.swift; path = PreviewCollectionViewCell.swift; sourceTree = "<group>"; };
		D8CB0B182323CF1100C45FC9 /* WeddingMemories.app */ = {isa = PBXFileReference; explicitFileType = wrapper.application; includeInIndex = 0; path = WeddingMemories.app; sourceTree = BUILT_PRODUCTS_DIR; };
		D8CB0B1B2323CF1100C45FC9 /* AppDelegate.swift */ = {isa = PBXFileReference; lastKnownFileType = sourcecode.swift; path = AppDelegate.swift; sourceTree = "<group>"; };
		D8CB0B1D2323CF1100C45FC9 /* ViewController.swift */ = {isa = PBXFileReference; lastKnownFileType = sourcecode.swift; path = ViewController.swift; sourceTree = "<group>"; };
		D8CB0B222323CF1600C45FC9 /* Assets.xcassets */ = {isa = PBXFileReference; lastKnownFileType = folder.assetcatalog; path = Assets.xcassets; sourceTree = "<group>"; };
		D8CB0B252323CF1600C45FC9 /* Base */ = {isa = PBXFileReference; lastKnownFileType = file.storyboard; name = Base; path = Base.lproj/LaunchScreen.storyboard; sourceTree = "<group>"; };
		D8CB0B272323CF1600C45FC9 /* Info.plist */ = {isa = PBXFileReference; lastKnownFileType = text.plist.xml; path = Info.plist; sourceTree = "<group>"; };
		D8CB0B2D2323D10F00C45FC9 /* GoogleService-Info.plist */ = {isa = PBXFileReference; fileEncoding = 4; lastKnownFileType = text.plist.xml; path = "GoogleService-Info.plist"; sourceTree = "<group>"; };
		D8CB0B2F2323D19400C45FC9 /* WMShared.swift */ = {isa = PBXFileReference; lastKnownFileType = sourcecode.swift; path = WMShared.swift; sourceTree = "<group>"; };
		D8CB0B312323D21700C45FC9 /* CameraViewController.swift */ = {isa = PBXFileReference; lastKnownFileType = sourcecode.swift; path = CameraViewController.swift; sourceTree = "<group>"; };
		D8CB0B332323D2BC00C45FC9 /* PreviewViewController.swift */ = {isa = PBXFileReference; lastKnownFileType = sourcecode.swift; path = PreviewViewController.swift; sourceTree = "<group>"; };
		D8CB0B352323D58B00C45FC9 /* CustomAlertView.swift */ = {isa = PBXFileReference; lastKnownFileType = sourcecode.swift; path = CustomAlertView.swift; sourceTree = "<group>"; };
		D8CB0B372323D94400C45FC9 /* Main.storyboard */ = {isa = PBXFileReference; fileEncoding = 4; lastKnownFileType = file.storyboard; path = Main.storyboard; sourceTree = "<group>"; };
		D8CB0B392323DA6000C45FC9 /* ScreenSaverViewController.swift */ = {isa = PBXFileReference; lastKnownFileType = sourcecode.swift; path = ScreenSaverViewController.swift; sourceTree = "<group>"; };
/* End PBXFileReference section */

/* Begin PBXFrameworksBuildPhase section */
		D8CB0B152323CF1100C45FC9 /* Frameworks */ = {
			isa = PBXFrameworksBuildPhase;
			buildActionMask = 2147483647;
			files = (
				BE5F67F3377A914BA68E9052 /* Pods_WeddingMemories.framework in Frameworks */,
			);
			runOnlyForDeploymentPostprocessing = 0;
		};
/* End PBXFrameworksBuildPhase section */

/* Begin PBXGroup section */
		5F2468878506981274157235 /* Pods */ = {
			isa = PBXGroup;
			children = (
				A155886AD40FACC9C3D56569 /* Pods-WeddingMemories.debug.xcconfig */,
				514C02C92BBDC20CEC1B2F14 /* Pods-WeddingMemories.release.xcconfig */,
			);
			path = Pods;
			sourceTree = "<group>";
		};
		D8CB0B0F2323CF1000C45FC9 = {
			isa = PBXGroup;
			children = (
				D8CB0B1A2323CF1100C45FC9 /* WeddingMemories */,
				D8CB0B192323CF1100C45FC9 /* Products */,
				5F2468878506981274157235 /* Pods */,
				FCDCC4D163450EFF8C56211E /* Frameworks */,
			);
			sourceTree = "<group>";
		};
		D8CB0B192323CF1100C45FC9 /* Products */ = {
			isa = PBXGroup;
			children = (
				D8CB0B182323CF1100C45FC9 /* WeddingMemories.app */,
			);
			name = Products;
			sourceTree = "<group>";
		};
		D8CB0B1A2323CF1100C45FC9 /* WeddingMemories */ = {
			isa = PBXGroup;
			children = (
				D8CB0B2D2323D10F00C45FC9 /* GoogleService-Info.plist */,
				D8CB0B1B2323CF1100C45FC9 /* AppDelegate.swift */,
				D8CB0B1D2323CF1100C45FC9 /* ViewController.swift */,
				D8CB0B372323D94400C45FC9 /* Main.storyboard */,
				D8CB0B222323CF1600C45FC9 /* Assets.xcassets */,
				D8CB0B242323CF1600C45FC9 /* LaunchScreen.storyboard */,
				D8CB0B272323CF1600C45FC9 /* Info.plist */,
				D8CB0B2F2323D19400C45FC9 /* WMShared.swift */,
				D8CB0B312323D21700C45FC9 /* CameraViewController.swift */,
				D8CB0B332323D2BC00C45FC9 /* PreviewViewController.swift */,
				D8CB0B352323D58B00C45FC9 /* CustomAlertView.swift */,
				D8CB0B392323DA6000C45FC9 /* ScreenSaverViewController.swift */,
				D87FB7BB24576A5400C6911E /* PreviewCollectionViewCell.swift */,
			);
			path = WeddingMemories;
			sourceTree = "<group>";
		};
		FCDCC4D163450EFF8C56211E /* Frameworks */ = {
			isa = PBXGroup;
			children = (
				AD806FCDC1F57F097E5D2AF1 /* Pods_WeddingMemories.framework */,
			);
			name = Frameworks;
			sourceTree = "<group>";
		};
/* End PBXGroup section */

/* Begin PBXNativeTarget section */
		D8CB0B172323CF1100C45FC9 /* WeddingMemories */ = {
			isa = PBXNativeTarget;
			buildConfigurationList = D8CB0B2A2323CF1700C45FC9 /* Build configuration list for PBXNativeTarget "WeddingMemories" */;
			buildPhases = (
				328B06164B2A6BB4FBF5A87B /* [CP] Check Pods Manifest.lock */,
				D8CB0B142323CF1100C45FC9 /* Sources */,
				D8CB0B152323CF1100C45FC9 /* Frameworks */,
				D8CB0B162323CF1100C45FC9 /* Resources */,
				ECC157E9AFF28B92B74A9A4F /* [CP] Embed Pods Frameworks */,
			);
			buildRules = (
			);
			dependencies = (
			);
			name = WeddingMemories;
			productName = WeddingMemories;
			productReference = D8CB0B182323CF1100C45FC9 /* WeddingMemories.app */;
			productType = "com.apple.product-type.application";
		};
/* End PBXNativeTarget section */

/* Begin PBXProject section */
		D8CB0B102323CF1000C45FC9 /* Project object */ = {
			isa = PBXProject;
			attributes = {
				LastSwiftUpdateCheck = 1030;
				LastUpgradeCheck = 1030;
				ORGANIZATIONNAME = "Tyler Lafferty";
				TargetAttributes = {
					D8CB0B172323CF1100C45FC9 = {
						CreatedOnToolsVersion = 10.3;
					};
				};
			};
			buildConfigurationList = D8CB0B132323CF1000C45FC9 /* Build configuration list for PBXProject "WeddingMemories" */;
			compatibilityVersion = "Xcode 9.3";
			developmentRegion = en;
			hasScannedForEncodings = 0;
			knownRegions = (
				en,
				Base,
			);
			mainGroup = D8CB0B0F2323CF1000C45FC9;
			productRefGroup = D8CB0B192323CF1100C45FC9 /* Products */;
			projectDirPath = "";
			projectRoot = "";
			targets = (
				D8CB0B172323CF1100C45FC9 /* WeddingMemories */,
			);
		};
/* End PBXProject section */

/* Begin PBXResourcesBuildPhase section */
		D8CB0B162323CF1100C45FC9 /* Resources */ = {
			isa = PBXResourcesBuildPhase;
			buildActionMask = 2147483647;
			files = (
				D8CB0B382323D94500C45FC9 /* Main.storyboard in Resources */,
				D8CB0B262323CF1600C45FC9 /* LaunchScreen.storyboard in Resources */,
				D8CB0B2E2323D10F00C45FC9 /* GoogleService-Info.plist in Resources */,
				D8CB0B232323CF1600C45FC9 /* Assets.xcassets in Resources */,
			);
			runOnlyForDeploymentPostprocessing = 0;
		};
/* End PBXResourcesBuildPhase section */

/* Begin PBXShellScriptBuildPhase section */
		328B06164B2A6BB4FBF5A87B /* [CP] Check Pods Manifest.lock */ = {
			isa = PBXShellScriptBuildPhase;
			buildActionMask = 2147483647;
			files = (
			);
			inputFileListPaths = (
			);
			inputPaths = (
				"${PODS_PODFILE_DIR_PATH}/Podfile.lock",
				"${PODS_ROOT}/Manifest.lock",
			);
			name = "[CP] Check Pods Manifest.lock";
			outputFileListPaths = (
			);
			outputPaths = (
				"$(DERIVED_FILE_DIR)/Pods-WeddingMemories-checkManifestLockResult.txt",
			);
			runOnlyForDeploymentPostprocessing = 0;
			shellPath = /bin/sh;
			shellScript = "diff \"${PODS_PODFILE_DIR_PATH}/Podfile.lock\" \"${PODS_ROOT}/Manifest.lock\" > /dev/null\nif [ $? != 0 ] ; then\n    # print error to STDERR\n    echo \"error: The sandbox is not in sync with the Podfile.lock. Run 'pod install' or update your CocoaPods installation.\" >&2\n    exit 1\nfi\n# This output is used by Xcode 'outputs' to avoid re-running this script phase.\necho \"SUCCESS\" > \"${SCRIPT_OUTPUT_FILE_0}\"\n";
			showEnvVarsInLog = 0;
		};
		ECC157E9AFF28B92B74A9A4F /* [CP] Embed Pods Frameworks */ = {
			isa = PBXShellScriptBuildPhase;
			buildActionMask = 2147483647;
			files = (
			);
			inputFileListPaths = (
				"${PODS_ROOT}/Target Support Files/Pods-WeddingMemories/Pods-WeddingMemories-frameworks-${CONFIGURATION}-input-files.xcfilelist",
			);
			name = "[CP] Embed Pods Frameworks";
			outputFileListPaths = (
				"${PODS_ROOT}/Target Support Files/Pods-WeddingMemories/Pods-WeddingMemories-frameworks-${CONFIGURATION}-output-files.xcfilelist",
			);
			runOnlyForDeploymentPostprocessing = 0;
			shellPath = /bin/sh;
			shellScript = "\"${PODS_ROOT}/Target Support Files/Pods-WeddingMemories/Pods-WeddingMemories-frameworks.sh\"\n";
			showEnvVarsInLog = 0;
		};
/* End PBXShellScriptBuildPhase section */

/* Begin PBXSourcesBuildPhase section */
		D8CB0B142323CF1100C45FC9 /* Sources */ = {
			isa = PBXSourcesBuildPhase;
			buildActionMask = 2147483647;
			files = (
				D8CB0B362323D58C00C45FC9 /* CustomAlertView.swift in Sources */,
				D8CB0B1E2323CF1100C45FC9 /* ViewController.swift in Sources */,
				D8CB0B322323D21700C45FC9 /* CameraViewController.swift in Sources */,
				D87FB7BC24576A5400C6911E /* PreviewCollectionViewCell.swift in Sources */,
				D8CB0B3A2323DA6000C45FC9 /* ScreenSaverViewController.swift in Sources */,
				D8CB0B1C2323CF1100C45FC9 /* AppDelegate.swift in Sources */,
				D8CB0B342323D2BC00C45FC9 /* PreviewViewController.swift in Sources */,
				D8CB0B302323D19500C45FC9 /* WMShared.swift in Sources */,
			);
			runOnlyForDeploymentPostprocessing = 0;
		};
/* End PBXSourcesBuildPhase section */

/* Begin PBXVariantGroup section */
		D8CB0B242323CF1600C45FC9 /* LaunchScreen.storyboard */ = {
			isa = PBXVariantGroup;
			children = (
				D8CB0B252323CF1600C45FC9 /* Base */,
			);
			name = LaunchScreen.storyboard;
			sourceTree = "<group>";
		};
/* End PBXVariantGroup section */

/* Begin XCBuildConfiguration section */
		D8CB0B282323CF1600C45FC9 /* Debug */ = {
			isa = XCBuildConfiguration;
			buildSettings = {
				ALWAYS_SEARCH_USER_PATHS = NO;
				CLANG_ANALYZER_NONNULL = YES;
				CLANG_ANALYZER_NUMBER_OBJECT_CONVERSION = YES_AGGRESSIVE;
				CLANG_CXX_LANGUAGE_STANDARD = "gnu++14";
				CLANG_CXX_LIBRARY = "libc++";
				CLANG_ENABLE_MODULES = YES;
				CLANG_ENABLE_OBJC_ARC = YES;
				CLANG_ENABLE_OBJC_WEAK = YES;
				CLANG_WARN_BLOCK_CAPTURE_AUTORELEASING = YES;
				CLANG_WARN_BOOL_CONVERSION = YES;
				CLANG_WARN_COMMA = YES;
				CLANG_WARN_CONSTANT_CONVERSION = YES;
				CLANG_WARN_DEPRECATED_OBJC_IMPLEMENTATIONS = YES;
				CLANG_WARN_DIRECT_OBJC_ISA_USAGE = YES_ERROR;
				CLANG_WARN_DOCUMENTATION_COMMENTS = YES;
				CLANG_WARN_EMPTY_BODY = YES;
				CLANG_WARN_ENUM_CONVERSION = YES;
				CLANG_WARN_INFINITE_RECURSION = YES;
				CLANG_WARN_INT_CONVERSION = YES;
				CLANG_WARN_NON_LITERAL_NULL_CONVERSION = YES;
				CLANG_WARN_OBJC_IMPLICIT_RETAIN_SELF = YES;
				CLANG_WARN_OBJC_LITERAL_CONVERSION = YES;
				CLANG_WARN_OBJC_ROOT_CLASS = YES_ERROR;
				CLANG_WARN_RANGE_LOOP_ANALYSIS = YES;
				CLANG_WARN_STRICT_PROTOTYPES = YES;
				CLANG_WARN_SUSPICIOUS_MOVE = YES;
				CLANG_WARN_UNGUARDED_AVAILABILITY = YES_AGGRESSIVE;
				CLANG_WARN_UNREACHABLE_CODE = YES;
				CLANG_WARN__DUPLICATE_METHOD_MATCH = YES;
				CODE_SIGN_IDENTITY = "iPhone Developer";
				COPY_PHASE_STRIP = NO;
				DEBUG_INFORMATION_FORMAT = dwarf;
				ENABLE_STRICT_OBJC_MSGSEND = YES;
				ENABLE_TESTABILITY = YES;
				GCC_C_LANGUAGE_STANDARD = gnu11;
				GCC_DYNAMIC_NO_PIC = NO;
				GCC_NO_COMMON_BLOCKS = YES;
				GCC_OPTIMIZATION_LEVEL = 0;
				GCC_PREPROCESSOR_DEFINITIONS = (
					"DEBUG=1",
					"$(inherited)",
				);
				GCC_WARN_64_TO_32_BIT_CONVERSION = YES;
				GCC_WARN_ABOUT_RETURN_TYPE = YES_ERROR;
				GCC_WARN_UNDECLARED_SELECTOR = YES;
				GCC_WARN_UNINITIALIZED_AUTOS = YES_AGGRESSIVE;
				GCC_WARN_UNUSED_FUNCTION = YES;
				GCC_WARN_UNUSED_VARIABLE = YES;
				IPHONEOS_DEPLOYMENT_TARGET = 12.4;
				MTL_ENABLE_DEBUG_INFO = INCLUDE_SOURCE;
				MTL_FAST_MATH = YES;
				ONLY_ACTIVE_ARCH = YES;
				SDKROOT = iphoneos;
				SWIFT_ACTIVE_COMPILATION_CONDITIONS = DEBUG;
				SWIFT_OPTIMIZATION_LEVEL = "-Onone";
			};
			name = Debug;
		};
		D8CB0B292323CF1600C45FC9 /* Release */ = {
			isa = XCBuildConfiguration;
			buildSettings = {
				ALWAYS_SEARCH_USER_PATHS = NO;
				CLANG_ANALYZER_NONNULL = YES;
				CLANG_ANALYZER_NUMBER_OBJECT_CONVERSION = YES_AGGRESSIVE;
				CLANG_CXX_LANGUAGE_STANDARD = "gnu++14";
				CLANG_CXX_LIBRARY = "libc++";
				CLANG_ENABLE_MODULES = YES;
				CLANG_ENABLE_OBJC_ARC = YES;
				CLANG_ENABLE_OBJC_WEAK = YES;
				CLANG_WARN_BLOCK_CAPTURE_AUTORELEASING = YES;
				CLANG_WARN_BOOL_CONVERSION = YES;
				CLANG_WARN_COMMA = YES;
				CLANG_WARN_CONSTANT_CONVERSION = YES;
				CLANG_WARN_DEPRECATED_OBJC_IMPLEMENTATIONS = YES;
				CLANG_WARN_DIRECT_OBJC_ISA_USAGE = YES_ERROR;
				CLANG_WARN_DOCUMENTATION_COMMENTS = YES;
				CLANG_WARN_EMPTY_BODY = YES;
				CLANG_WARN_ENUM_CONVERSION = YES;
				CLANG_WARN_INFINITE_RECURSION = YES;
				CLANG_WARN_INT_CONVERSION = YES;
				CLANG_WARN_NON_LITERAL_NULL_CONVERSION = YES;
				CLANG_WARN_OBJC_IMPLICIT_RETAIN_SELF = YES;
				CLANG_WARN_OBJC_LITERAL_CONVERSION = YES;
				CLANG_WARN_OBJC_ROOT_CLASS = YES_ERROR;
				CLANG_WARN_RANGE_LOOP_ANALYSIS = YES;
				CLANG_WARN_STRICT_PROTOTYPES = YES;
				CLANG_WARN_SUSPICIOUS_MOVE = YES;
				CLANG_WARN_UNGUARDED_AVAILABILITY = YES_AGGRESSIVE;
				CLANG_WARN_UNREACHABLE_CODE = YES;
				CLANG_WARN__DUPLICATE_METHOD_MATCH = YES;
				CODE_SIGN_IDENTITY = "iPhone Developer";
				COPY_PHASE_STRIP = NO;
				DEBUG_INFORMATION_FORMAT = "dwarf-with-dsym";
				ENABLE_NS_ASSERTIONS = NO;
				ENABLE_STRICT_OBJC_MSGSEND = YES;
				GCC_C_LANGUAGE_STANDARD = gnu11;
				GCC_NO_COMMON_BLOCKS = YES;
				GCC_WARN_64_TO_32_BIT_CONVERSION = YES;
				GCC_WARN_ABOUT_RETURN_TYPE = YES_ERROR;
				GCC_WARN_UNDECLARED_SELECTOR = YES;
				GCC_WARN_UNINITIALIZED_AUTOS = YES_AGGRESSIVE;
				GCC_WARN_UNUSED_FUNCTION = YES;
				GCC_WARN_UNUSED_VARIABLE = YES;
				IPHONEOS_DEPLOYMENT_TARGET = 12.4;
				MTL_ENABLE_DEBUG_INFO = NO;
				MTL_FAST_MATH = YES;
				SDKROOT = iphoneos;
				SWIFT_COMPILATION_MODE = wholemodule;
				SWIFT_OPTIMIZATION_LEVEL = "-O";
				VALIDATE_PRODUCT = YES;
			};
			name = Release;
		};
		D8CB0B2B2323CF1700C45FC9 /* Debug */ = {
			isa = XCBuildConfiguration;
			baseConfigurationReference = A155886AD40FACC9C3D56569 /* Pods-WeddingMemories.debug.xcconfig */;
			buildSettings = {
				ASSETCATALOG_COMPILER_APPICON_NAME = AppIcon;
				CODE_SIGN_STYLE = Automatic;
				DEVELOPMENT_TEAM = 34M84A79JV;
				INFOPLIST_FILE = WeddingMemories/Info.plist;
				IPHONEOS_DEPLOYMENT_TARGET = 13.0;
				LD_RUNPATH_SEARCH_PATHS = (
					"$(inherited)",
					"@executable_path/Frameworks",
				);
				PRODUCT_BUNDLE_IDENTIFIER = com.lafferty.WeddingMemories;
				PRODUCT_NAME = "$(TARGET_NAME)";
				SWIFT_VERSION = 5.0;
				TARGETED_DEVICE_FAMILY = "1,2";
			};
			name = Debug;
		};
		D8CB0B2C2323CF1700C45FC9 /* Release */ = {
			isa = XCBuildConfiguration;
			baseConfigurationReference = 514C02C92BBDC20CEC1B2F14 /* Pods-WeddingMemories.release.xcconfig */;
			buildSettings = {
				ASSETCATALOG_COMPILER_APPICON_NAME = AppIcon;
				CODE_SIGN_STYLE = Automatic;
				DEVELOPMENT_TEAM = 34M84A79JV;
				INFOPLIST_FILE = WeddingMemories/Info.plist;
				IPHONEOS_DEPLOYMENT_TARGET = 13.0;
				LD_RUNPATH_SEARCH_PATHS = (
					"$(inherited)",
					"@executable_path/Frameworks",
				);
				PRODUCT_BUNDLE_IDENTIFIER = com.lafferty.WeddingMemories;
				PRODUCT_NAME = "$(TARGET_NAME)";
				SWIFT_VERSION = 5.0;
				TARGETED_DEVICE_FAMILY = "1,2";
			};
			name = Release;
		};
/* End XCBuildConfiguration section */

/* Begin XCConfigurationList section */
		D8CB0B132323CF1000C45FC9 /* Build configuration list for PBXProject "WeddingMemories" */ = {
			isa = XCConfigurationList;
			buildConfigurations = (
				D8CB0B282323CF1600C45FC9 /* Debug */,
				D8CB0B292323CF1600C45FC9 /* Release */,
			);
			defaultConfigurationIsVisible = 0;
			defaultConfigurationName = Release;
		};
		D8CB0B2A2323CF1700C45FC9 /* Build configuration list for PBXNativeTarget "WeddingMemories" */ = {
			isa = XCConfigurationList;
			buildConfigurations = (
				D8CB0B2B2323CF1700C45FC9 /* Debug */,
				D8CB0B2C2323CF1700C45FC9 /* Release */,
			);
			defaultConfigurationIsVisible = 0;
			defaultConfigurationName = Release;
		};
/* End XCConfigurationList section */
	};
	rootObject = D8CB0B102323CF1000C45FC9 /* Project object */;
}
